{
  "name": "@cognis/web",
  "version": "0.1.0",
  "lockfileVersion": 3,
  "requires": true,
  "packages": {
    "": {
      "name": "@cognis/web",
      "version": "0.1.0",
      "dependencies": {
        "@aws-sdk/client-bedrock-runtime": "^3.1136.0",
        "@react-three/drei": "^10.7.8",
        "@react-three/fiber": "^9.7.0",
        "@react-three/postprocessing": "^3.1.1",
        "@types/three": "^0.185.4",
        "bcryptjs": "^3.0.3",
        "firebase": "^12.19.0",
        "gsap": "^3.15.0",
        "next": "16.3.5",
        "next-auth": "5.0.0-beta.32",
        "postprocessing": "^6.39.5",
        "react": "19.2.8",
        "react-dom": "19.2.8",
        "three": "^0.186.0"
      },
      "devDependencies": {
        "@tailwindcss/postcss": "^4",
        "@types/bcryptjs": "^3.0.0",
        "@types/node": "^20",
        "@types/react": "^19",
        "@types/react-dom": "^19",
        "eslint": "^9",
        "eslint-config-next": "16.3.5",
        "tailwindcss": "^4",
        "typescript": "^5"
      }
    },
    "../../node_modules/.pnpm/@react-three+drei@10.7.8_@react-three+fiber@9.7.0_@types+react@19.3.0_react-dom@19.2.8__49cbc1276f801ab6add78fff6945ec6e/node_modules/@react-three/drei": {
      "version": "10.7.8",
      "license": "MIT",
      "dependencies": {
        "@babel/runtime": "^7.26.0",
        "@mediapipe/tasks-vision": "0.10.17",
        "@monogrid/gainmap-js": "^3.0.6",
        "@use-gesture/react": "^10.3.1",
        "camera-controls": "^3.1.0",
        "cross-env": "^7.0.3",
        "detect-gpu": "^5.0.56",
        "glsl-noise": "^0.0.0",
        "hls.js": "^1.5.17",
        "maath": "^0.10.8",
        "meshline": "^3.3.1",
        "stats-gl": "^2.2.8",
        "stats.js": "^0.17.0",
        "suspend-react": "^0.1.3",
        "three-mesh-bvh": "^0.8.3",
        "three-stdlib": "^2.35.6",
        "troika-three-text": "^0.52.4",
        "tunnel-rat": "^0.1.2",
        "use-sync-external-store": "^1.4.0",
        "utility-types": "^3.11.0",
        "zustand": "^5.0.1"
      },
      "peerDependencies": {
        "@react-three/fiber": "^9.0.0",
        "react": "^19",
        "react-dom": "^19",
        "three": ">=0.159"
      },
      "peerDependenciesMeta": {
        "react-dom": {
          "optional": true
        }
      }
    },
    "../../node_modules/.pnpm/@react-three+fiber@9.7.0_@types+react@19.3.0_react-dom@19.2.8_react@19.2.8__react@19.2.8_three@0.186.0/node_modules/@react-three/fiber": {
      "version": "9.7.0",
      "license": "MIT",
      "dependencies": {
        "@babel/runtime": "^7.17.8",
        "@types/webxr": "*",
        "base64-js": "^1.5.1",
        "buffer": "^6.0.3",
        "its-fine": "^2.0.0",
        "react-use-measure": "^2.1.7",
        "scheduler": "^0.27.0",
        "suspend-react": "^0.1.3",
        "use-sync-external-store": "^1.4.0",
        "zustand": "^5.0.3"
      },
      "devDependencies": {
        "@types/react-reconciler": "^0.32.3",
        "react-reconciler": "^0.33.0"
      },
      "peerDependencies": {
        "expo": ">=43.0",
        "expo-asset": ">=8.4",
        "expo-file-system": ">=11.0",
        "expo-gl": ">=11.0",
        "react": ">=19 <19.3",
        "react-dom": ">=19 <19.3",
        "react-native": ">=0.78",
        "three": ">=0.156"
      },
      "peerDependenciesMeta": {
        "expo": {
          "optional": true
        },
        "expo-asset": {
          "optional": true
        },
        "expo-file-system": {
          "optional": true
        },
        "expo-gl": {
          "optional": true
        },
        "react-dom": {
          "optional": true
        },
        "react-native": {
          "optional": true
        }
      }
    },
    "../../node_modules/.pnpm/@react-three+postprocessing@3.1.1_@react-three+fiber@9.7.0_@types+react@19.3.0_react-do_66142e54e87a0db1e28c6fba831afddf/node_modules/@react-three/postprocessing": {
      "version": "3.1.1",
      "license": "MIT",
      "dependencies": {
        "maath": "^0.10.8",
        "n8ao": "^2.0.0"
      },
      "devDependencies": {
        "@eslint/compat": "^2.1.0",
        "@eslint/eslintrc": "^3.3.6",
        "@eslint/js": "^9.39.5",
        "@react-three/fiber": "^9.7.0",
        "@types/node": "^26.1.1",
        "@types/react": "^19.2.17",
        "@types/three": "^0.182.0",
        "@typescript-eslint/eslint-plugin": "^8.64.0",
        "@typescript-eslint/parser": "^8.64.0",
        "eslint": "^9.0.0",
        "eslint-config-prettier": "^10.1.8",
        "eslint-import-resolver-alias": "^1.1.2",
        "eslint-plugin-import": "^2.32.0",
        "eslint-plugin-prettier": "^5.5.6",
        "eslint-plugin-react": "^7.37.5",
        "eslint-plugin-react-hooks": "^7.1.1",
        "globals": "^17.7.0",
        "postprocessing": "^6.39.3",
        "prettier": "^3.9.5",
        "react": "^19.2.7",
        "three": "^0.182.0",
        "typescript": "^6.0.0",
        "vite": "^8.1.4",
        "vitest": "^4.1.10"
      },
      "peerDependencies": {
        "@react-three/fiber": ">=9.7.0",
        "postprocessing": "^6.36.0",
        "react": "^19.0.0",
        "three": ">= 0.156.0"
      }
    },
    "../../node_modules/.pnpm/@tailwindcss+postcss@4.3.3/node_modules/@tailwindcss/postcss": {
      "version": "4.3.3",
      "dev": true,
      "license": "MIT",
      "dependencies": {
        "@alloc/quick-lru": "^5.2.0",
        "@tailwindcss/node": "4.3.3",
        "@tailwindcss/oxide": "4.3.3",
        "postcss": "^8.5.16",
        "tailwindcss": "4.3.3"
      },
      "devDependencies": {
        "@types/node": "22.19.21",
        "@types/postcss-import": "14.0.3",
        "dedent": "1.7.2",
        "internal-example-plugin": "0.0.0",
        "postcss-import": "^16.1.1"
      }
    },
    "../../node_modules/.pnpm/@types+bcryptjs@3.0.0/node_modules/@types/bcryptjs": {
      "version": "3.0.0",
      "deprecated": "This is a stub types definition. bcryptjs provides its own type definitions, so you do not need this installed.",
      "dev": true,
      "license": "MIT",
      "dependencies": {
        "bcryptjs": "*"
      }
    },
    "../../node_modules/.pnpm/@types+node@20.19.43/node_modules/@types/node": {
      "version": "20.19.43",
      "dev": true,
      "license": "MIT",
      "dependencies": {
        "undici-types": "~6.21.0"
      }
    },
    "../../node_modules/.pnpm/@types+react-dom@19.3.0_@types+react@19.3.0/node_modules/@types/react-dom": {
      "version": "19.3.0",
      "dev": true,
      "license": "MIT",
      "peerDependencies": {
        "@types/react": "^19.3.0"
      }
    },
    "../../node_modules/.pnpm/@types+react@19.3.0/node_modules/@types/react": {
      "version": "19.3.0",
      "dev": true,
      "license": "MIT",
      "dependencies": {
        "csstype": "^3.2.2"
      }
    },
    "../../node_modules/.pnpm/@types+three@0.185.4/node_modules/@types/three": {
      "version": "0.185.4",
      "license": "MIT",
      "dependencies": {
        "@dimforge/rapier3d-compat": "~0.12.0",
        "@tweenjs/tween.js": "~23.1.3",
        "@types/stats.js": "*",
        "@types/webxr": ">=0.5.17",
        "fflate": "~0.8.2",
        "meshoptimizer": "~1.1.1"
      }
    },
    "../../node_modules/.pnpm/bcryptjs@3.0.3/node_modules/bcryptjs": {
      "version": "3.0.3",
      "license": "BSD-3-Clause",
      "bin": {
        "bcrypt": "bin/bcrypt"
      },
      "devDependencies": {
        "bcrypt": "^5.1.1",
        "esm2umd": "^0.3.1",
        "prettier": "^3.5.0",
        "typescript": "^5.7.3"
      }
    },
    "../../node_modules/.pnpm/eslint-config-next@16.3.5_@typescript-eslint+parser@8.70.0_eslint@9.39.5_jiti@2.7.0__ty_beb64d2f40dfe86ec313eb47cd3bf190/node_modules/eslint-config-next": {
      "version": "16.3.5",
      "dev": true,
      "license": "MIT",
      "dependencies": {
        "@next/eslint-plugin-next": "16.3.5",
        "eslint-import-resolver-node": "^0.3.6",
        "eslint-import-resolver-typescript": "^3.5.2",
        "eslint-plugin-import": "^2.32.0",
        "eslint-plugin-jsx-a11y": "^6.10.0",
        "eslint-plugin-react": "^7.37.0",
        "eslint-plugin-react-hooks": "^7.0.0",
        "globals": "16.4.0",
        "typescript-eslint": "^8.46.0"
      },
      "devDependencies": {
        "@types/eslint": "9.6.1",
        "@types/eslint-plugin-jsx-a11y": "6.10.1",
        "typescript": "6.0.2"
      },
      "peerDependencies": {
        "eslint": ">=9.0.0",
        "typescript": ">=3.3.1"
      },
      "peerDependenciesMeta": {
        "typescript": {
          "optional": true
        }
      }
    },
    "../../node_modules/.pnpm/eslint@9.39.5_jiti@2.7.0/node_modules/eslint": {
      "version": "9.39.5",
      "dev": true,
      "license": "MIT",
      "dependencies": {
        "@eslint-community/eslint-utils": "^4.8.0",
        "@eslint-community/regexpp": "^4.12.1",
        "@eslint/config-array": "^0.21.2",
        "@eslint/config-helpers": "^0.4.2",
        "@eslint/core": "^0.17.0",
        "@eslint/eslintrc": "^3.3.6",
        "@eslint/js": "9.39.5",
        "@eslint/plugin-kit": "^0.4.1",
        "@humanfs/node": "^0.16.6",
        "@humanwhocodes/module-importer": "^1.0.1",
        "@humanwhocodes/retry": "^0.4.2",
        "@types/estree": "^1.0.6",
        "ajv": "^6.14.0",
        "chalk": "^4.0.0",
        "cross-spawn": "^7.0.6",
        "debug": "^4.3.2",
        "escape-string-regexp": "^4.0.0",
        "eslint-scope": "^8.4.0",
        "eslint-visitor-keys": "^4.2.1",
        "espree": "^10.4.0",
        "esquery": "^1.5.0",
        "esutils": "^2.0.2",
        "fast-deep-equal": "^3.1.3",
        "file-entry-cache": "^8.0.0",
        "find-up": "^5.0.0",
        "glob-parent": "^6.0.2",
        "ignore": "^5.2.0",
        "imurmurhash": "^0.1.4",
        "is-glob": "^4.0.0",
        "json-stable-stringify-without-jsonify": "^1.0.1",
        "lodash.merge": "^4.6.2",
        "minimatch": "^3.1.5",
        "natural-compare": "^1.4.0",
        "optionator": "^0.9.3"
      },
      "bin": {
        "eslint": "bin/eslint.js"
      },
      "devDependencies": {
        "@arethetypeswrong/cli": "^0.18.0",
        "@babel/core": "^7.4.3",
        "@babel/preset-env": "^7.4.3",
        "@cypress/webpack-preprocessor": "^6.0.2",
        "@eslint/json": "^0.13.2",
        "@trunkio/launcher": "^1.3.4",
        "@types/esquery": "^1.5.4",
        "@types/node": "^22.13.14",
        "@typescript-eslint/parser": "^8.4.0",
        "babel-loader": "^8.0.5",
        "c8": "^7.12.0",
        "chai": "^4.0.1",
        "cheerio": "^0.22.0",
        "common-tags": "^1.8.0",
        "core-js": "^3.1.3",
        "cypress": "^14.1.0",
        "ejs": "^3.0.2",
        "eslint": "file:.",
        "eslint-config-eslint": "file:packages/eslint-config-eslint",
        "eslint-plugin-eslint-plugin": "^6.0.0",
        "eslint-plugin-expect-type": "^0.6.0",
        "eslint-plugin-yml": "^1.14.0",
        "eslint-release": "^3.3.0",
        "eslint-rule-composer": "^0.3.0",
        "eslump": "^3.0.0",
        "esprima": "^4.0.1",
        "fast-glob": "^3.2.11",
        "fs-teardown": "^0.1.3",
        "glob": "^10.0.0",
        "globals": "^16.2.0",
        "got": "^11.8.3",
        "gray-matter": "^4.0.3",
        "jiti": "^2.6.1",
        "jiti-v2.0": "npm:jiti@2.0.x",
        "jiti-v2.1": "npm:jiti@2.1.x",
        "knip": "^5.60.2",
        "lint-staged": "^11.0.0",
        "markdown-it": "^12.2.0",
        "markdown-it-container": "^3.0.0",
        "marked": "^4.0.8",
        "metascraper": "^5.25.7",
        "metascraper-description": "^5.25.7",
        "metascraper-image": "^5.29.3",
        "metascraper-logo": "^5.25.7",
        "metascraper-logo-favicon": "^5.25.7",
        "metascraper-title": "^5.25.7",
        "mocha": "^11.7.1",
        "node-polyfill-webpack-plugin": "^1.0.3",
        "npm-license": "^0.3.3",
        "pirates": "^4.0.5",
        "progress": "^2.0.3",
        "proxyquire": "^2.0.1",
        "recast": "^0.23.0",
        "regenerator-runtime": "^0.14.0",
        "semver": "^7.5.3",
        "shelljs": "^0.10.0",
        "sinon": "^11.0.0",
        "typescript": "^5.3.3",
        "webpack": "^5.23.0",
        "webpack-cli": "^4.5.0",
        "yorkie": "^2.0.0"
      },
      "engines": {
        "node": "^18.18.0 || ^20.9.0 || >=21.1.0"
      },
      "funding": {
        "url": "https://eslint.org/donate"
      },
      "peerDependencies": {
        "jiti": "*"
      },
      "peerDependenciesMeta": {
        "jiti": {
          "optional": true
        }
      }
    },
    "../../node_modules/.pnpm/firebase@12.19.0/node_modules/firebase": {
      "version": "12.19.0",
      "license": "Apache-2.0",
      "dependencies": {
        "@firebase/ai": "2.16.0",
        "@firebase/analytics": "0.10.25",
        "@firebase/analytics-compat": "0.2.31",
        "@firebase/app": "0.16.2",
        "@firebase/app-check": "0.13.1",
        "@firebase/app-check-compat": "0.4.7",
        "@firebase/app-compat": "0.5.18",
        "@firebase/app-types": "0.9.6",
        "@firebase/auth": "1.13.6",
        "@firebase/auth-compat": "0.6.11",
        "@firebase/data-connect": "0.7.4",
        "@firebase/database": "1.1.5",
        "@firebase/database-compat": "2.1.7",
        "@firebase/firestore": "4.17.2",
        "@firebase/firestore-compat": "0.4.14",
        "@firebase/functions": "0.14.0",
        "@firebase/functions-compat": "0.5.0",
        "@firebase/installations": "0.6.24",
        "@firebase/installations-compat": "0.2.24",
        "@firebase/messaging": "0.13.3",
        "@firebase/messaging-compat": "0.2.30",
        "@firebase/performance": "0.7.14",
        "@firebase/performance-compat": "0.2.27",
        "@firebase/remote-config": "0.9.2",
        "@firebase/remote-config-compat": "0.2.29",
        "@firebase/storage": "0.14.5",
        "@firebase/storage-compat": "0.4.5",
        "@firebase/util": "1.15.3"
      },
      "devDependencies": {
        "@rollup/plugin-commonjs": "21.1.0",
        "@rollup/plugin-node-resolve": "16.0.0",
        "@rollup/plugin-terser": "0.4.4",
        "gulp": "5.0.1",
        "gulp-replace": "1.1.4",
        "gulp-sourcemaps": "3.0.0",
        "rollup": "4.62.2",
        "rollup-plugin-sourcemaps": "0.6.3",
        "rollup-plugin-typescript2": "0.37.0",
        "rollup-plugin-uglify": "6.0.4",
        "typescript": "5.5.4"
      }
    },
    "../../node_modules/.pnpm/gsap@3.15.0/node_modules/gsap": {
      "version": "3.15.0",
      "license": "Standard 'no charge' license: https://gsap.com/standard-license."
    },
    "../../node_modules/.pnpm/next-auth@5.0.0-beta.32_next@16.3.5_@babel+core@7.29.7_@types+node@20.19.43_react-dom@1_422b54b45fff53129275ea77873a8cfc/node_modules/next-auth": {
      "version": "5.0.0-beta.32",
      "license": "ISC",
      "dependencies": {
        "@auth/core": "0.41.3"
      },
      "devDependencies": {
        "@types/react": "18.0.37",
        "dotenv": "^10.0.0",
        "next": "15.5.18",
        "nodemailer": "^8.0.5",
        "react": "^18.2.0"
      },
      "peerDependencies": {
        "@simplewebauthn/browser": "^9.0.1",
        "@simplewebauthn/server": "^9.0.2",
        "next": "^14.0.0-0 || ^15.0.0 || ^16.0.0",
        "nodemailer": "^7.0.7 || ^8.0.5",
        "react": "^18.2.0 || ^19.0.0"
      },
      "peerDependenciesMeta": {
        "@simplewebauthn/browser": {
          "optional": true
        },
        "@simplewebauthn/server": {
          "optional": true
        },
        "nodemailer": {
          "optional": true
        }
      }
    },
    "../../node_modules/.pnpm/next@16.3.5_@babel+core@7.29.7_@types+node@20.19.43_react-dom@19.2.8_react@19.2.8__react@19.2.8/node_modules/next": {
      "version": "16.3.5",
      "license": "MIT",
      "dependencies": {
        "@next/env": "16.3.5",
        "@swc/helpers": "0.5.23",
        "baseline-browser-mapping": "^2.9.19",
        "caniuse-lite": "^1.0.30001579",
        "postcss": "8.5.23",
        "styled-jsx": "5.1.6"
      },
      "bin": {
        "next": "dist/bin/next"
      },
      "engines": {
        "node": ">=20.9.0"
      },
      "optionalDependencies": {
        "@next/swc-darwin-arm64": "16.3.5",
        "@next/swc-darwin-x64": "16.3.5",
        "@next/swc-linux-arm64-gnu": "16.3.5",
        "@next/swc-linux-arm64-musl": "16.3.5",
        "@next/swc-linux-x64-gnu": "16.3.5",
        "@next/swc-linux-x64-musl": "16.3.5",
        "@next/swc-win32-arm64-msvc": "16.3.5",
        "@next/swc-win32-x64-msvc": "16.3.5",
        "sharp": "^0.35.4"
      },
      "peerDependencies": {
        "@opentelemetry/api": "^1.1.0",
        "@playwright/test": "^1.51.1",
        "babel-plugin-react-compiler": "*",
        "react": "^18.2.0 || 19.0.0-rc-de68d2f4-20241204 || ^19.0.0",
        "react-dom": "^18.2.0 || 19.0.0-rc-de68d2f4-20241204 || ^19.0.0",
        "sass": "^1.3.0"
      },
      "peerDependenciesMeta": {
        "@opentelemetry/api": {
          "optional": true
        },
        "@playwright/test": {
          "optional": true
        },
        "babel-plugin-react-compiler": {
          "optional": true
        },
        "sass": {
          "optional": true
        }
      }
    },
    "../../node_modules/.pnpm/postprocessing@6.39.5_three@0.186.0/node_modules/postprocessing": {
      "version": "6.39.5",
      "license": "Zlib",
      "devDependencies": {
        "@tweakpane/core": "2.x.x",
        "@types/node": "26.x.x",
        "@types/three": "0.x.x",
        "autoprefixer": "10.x.x",
        "ava": "8.x.x",
        "cpy-cli": "7.x.x",
        "cssnano": "9.x.x",
        "dat.gui": "0.x.x",
        "del-cli": "7.x.x",
        "esbuild": "0.28.x",
        "esbuild-plugin-glsl": "1.x.x",
        "esdoc": "1.x.x",
        "esdoc-importpath-plugin": "1.x.x",
        "esdoc-standard-plugin": "1.x.x",
        "eslint": "10.x.x",
        "eslint-config-aether": "3.x.x",
        "gzipper": "8.x.x",
        "hugo-bin": "0.x.x",
        "npm-run-all": "4.x.x",
        "postcss": "8.x.x",
        "postcss-cli": "12.x.x",
        "postcss-preset-env": "11.x.x",
        "sass": "1.x.x",
        "spatial-controls": "6.x.x",
        "stylelint": "17.x.x",
        "stylelint-config-standard-scss": "17.x.x",
        "stylelint-order": "8.x.x",
        "three": "0.x.x",
        "three-demo": "5.x.x",
        "tweakpane": "4.x.x",
        "typescript": "6.0.x"
      },
      "peerDependencies": {
        "three": ">= 0.168.0 < 0.187.0"
      }
    },
    "../../node_modules/.pnpm/react-dom@19.2.8_react@19.2.8/node_modules/react-dom": {
      "version": "19.2.8",
      "license": "MIT",
      "dependencies": {
        "scheduler": "^0.27.0"
      },
      "peerDependencies": {
        "react": "^19.2.8"
      }
    },
    "../../node_modules/.pnpm/react@19.2.8/node_modules/react": {
      "version": "19.2.8",
      "license": "MIT",
      "engines": {
        "node": ">=0.10.0"
      }
    },
    "../../node_modules/.pnpm/tailwindcss@4.3.3/node_modules/tailwindcss": {
      "version": "4.3.3",
      "dev": true,
      "license": "MIT",
      "devDependencies": {
        "@jridgewell/remapping": "^2.3.5",
        "@tailwindcss/oxide": "^4.3.3",
        "@types/node": "22.19.21",
        "dedent": "1.7.2",
        "lightningcss": "1.32.0",
        "magic-string": "^0.30.21",
        "source-map-js": "^1.2.1"
      }
    },
    "../../node_modules/.pnpm/three@0.186.0/node_modules/three": {
      "version": "0.186.0",
      "license": "MIT",
      "devDependencies": {
        "@eslint/js": "^9.0.0",
        "@rollup/plugin-node-resolve": "^16.0.0",
        "@rollup/plugin-terser": "^1.0.0",
        "eslint": "^10.8.0",
        "eslint-config-mdcs": "^5.0.0",
        "eslint-plugin-compat": "^7.0.0",
        "eslint-plugin-html": "^8.1.3",
        "eslint-plugin-jsdoc": "^64.0.0",
        "globals": "^17.0.0",
        "jpeg-js": "^0.4.4",
        "jsdoc": "^4.0.5",
        "magic-string": "^1.0.0",
        "pngjs": "^7.0.0",
        "puppeteer": "^25.0.0",
        "rollup": "^4.6.0",
        "turndown": "^7.2.2"
      }
    },
    "../../node_modules/.pnpm/typescript@5.9.3/node_modules/typescript": {
      "version": "5.9.3",
      "dev": true,
      "license": "Apache-2.0",
      "bin": {
        "tsc": "bin/tsc",
        "tsserver": "bin/tsserver"
      },
      "devDependencies": {
        "@dprint/formatter": "^0.4.1",
        "@dprint/typescript": "0.93.4",
        "@esfx/canceltoken": "^1.0.0",
        "@eslint/js": "^9.20.0",
        "@octokit/rest": "^21.1.1",
        "@types/chai": "^4.3.20",
        "@types/diff": "^7.0.1",
        "@types/minimist": "^1.2.5",
        "@types/mocha": "^10.0.10",
        "@types/ms": "^0.7.34",
        "@types/node": "latest",
        "@types/source-map-support": "^0.5.10",
        "@types/which": "^3.0.4",
        "@typescript-eslint/rule-tester": "^8.24.1",
        "@typescript-eslint/type-utils": "^8.24.1",
        "@typescript-eslint/utils": "^8.24.1",
        "azure-devops-node-api": "^14.1.0",
        "c8": "^10.1.3",
        "chai": "^4.5.0",
        "chokidar": "^4.0.3",
        "diff": "^7.0.0",
        "dprint": "^0.49.0",
        "esbuild": "^0.25.0",
        "eslint": "^9.20.1",
        "eslint-formatter-autolinkable-stylish": "^1.4.0",
        "eslint-plugin-regexp": "^2.7.0",
        "fast-xml-parser": "^4.5.2",
        "glob": "^10.4.5",
        "globals": "^15.15.0",
        "hereby": "^1.10.0",
        "jsonc-parser": "^3.3.1",
        "knip": "^5.44.4",
        "minimist": "^1.2.8",
        "mocha": "^10.8.2",
        "mocha-fivemat-progress-reporter": "^0.1.0",
        "monocart-coverage-reports": "^2.12.1",
        "ms": "^2.1.3",
        "picocolors": "^1.1.1",
        "playwright": "^1.50.1",
        "source-map-support": "^0.5.21",
        "tslib": "^2.8.1",
        "typescript": "^5.7.3",
        "typescript-eslint": "^8.24.1",
        "which": "^3.0.1"
      },
      "engines": {
        "node": ">=14.17"
      }
    },
    "node_modules/@aws-sdk/client-bedrock-runtime": {
      "version": "3.1136.0",
      "resolved": "https://registry.npmjs.org/@aws-sdk/client-bedrock-runtime/-/client-bedrock-runtime-3.1136.0.tgz",
      "integrity": "sha512-/k+JZc/dWsw2WyRA9k03WVFUNXQyVDWQtcLOKVYJmIBprJg6TirrjVsMxist2UPGH3RFTvl+HG+Wne1PzDLJTg==",
      "dependencies": {
        "@aws-sdk/core": "^3.978.0",
        "@aws-sdk/credential-provider-node": "^3.972.83",
        "@aws-sdk/eventstream-handler-node": "^3.972.34",
        "@aws-sdk/middleware-eventstream": "^3.972.29",
        "@aws-sdk/middleware-websocket": "^3.972.53",
        "@aws-sdk/token-providers": "3.1136.0",
        "@aws-sdk/types": "^3.974.5",
        "@smithy/core": "^3.33.3",
        "@smithy/fetch-http-handler": "^5.7.2",
        "@smithy/node-http-handler": "^4.11.3",
        "@smithy/types": "^4.17.2",
        "tslib": "^2.6.2"
      },
      "engines": {
        "node": ">=20.0.0"
      }
    },
    "node_modules/@aws-sdk/core": {
      "version": "3.978.0",
      "resolved": "https://registry.npmjs.org/@aws-sdk/core/-/core-3.978.0.tgz",
      "integrity": "sha512-2yX9LUmxPklVjSGTb8dfnWRJSiFQ3TeH2nn7G1mdKHTfnabzF0+gfrS8rYfLWmZrQ8A3mEcxMJjRc51dL5KWaA==",
      "dependencies": {
        "@aws-sdk/types": "^3.974.5",
        "@aws-sdk/xml-builder": "^3.972.40",
        "@aws/lambda-invoke-store": "^0.3.0",
        "@smithy/core": "^3.33.3",
        "@smithy/signature-v4": "^5.6.12",
        "@smithy/types": "^4.17.2",
        "bowser": "^2.11.0",
        "tslib": "^2.6.2"
      },
      "engines": {
        "node": ">=20.0.0"
      }
    },
    "node_modules/@aws-sdk/credential-provider-env": {
      "version": "3.972.71",
      "resolved": "https://registry.npmjs.org/@aws-sdk/credential-provider-env/-/credential-provider-env-3.972.71.tgz",
      "integrity": "sha512-JN+JHruYZw3GUZB8YGAlDk4wTDPOEAEEdEzj5nS0xodWR4smzHsN7PnK2j6IeOsDIj2aqua5DSbhXl9Gtf90FQ==",
      "dependencies": {
        "@aws-sdk/core": "^3.978.0",
        "@aws-sdk/types": "^3.974.5",
        "@smithy/core": "^3.33.3",
        "@smithy/types": "^4.17.2",
        "tslib": "^2.6.2"
      },
      "engines": {
        "node": ">=20.0.0"
      }
    },
    "node_modules/@aws-sdk/credential-provider-http": {
      "version": "3.972.73",
      "resolved": "https://registry.npmjs.org/@aws-sdk/credential-provider-http/-/credential-provider-http-3.972.73.tgz",
      "integrity": "sha512-uyYYnJOnlis8uQzaYGPd7N1JoioCoNpXgnkXYixsWJXHXgXyYi8WXJSDfofxJeWfQIGWLe2Nwyq60Uc7MZdVOg==",
      "dependencies": {
        "@aws-sdk/core": "^3.978.0",
        "@aws-sdk/types": "^3.974.5",
        "@smithy/core": "^3.33.3",
        "@smithy/fetch-http-handler": "^5.7.2",
        "@smithy/node-http-handler": "^4.11.3",
        "@smithy/types": "^4.17.2",
        "tslib": "^2.6.2"
      },
      "engines": {
        "node": ">=20.0.0"
      }
    },
    "node_modules/@aws-sdk/credential-provider-ini": {
      "version": "3.973.16",
      "resolved": "https://registry.npmjs.org/@aws-sdk/credential-provider-ini/-/credential-provider-ini-3.973.16.tgz",
      "integrity": "sha512-i++ly+0Uxa+u3ebSSyr0S/3CFhFJDxCXT3+Zj+mW2bXenEx5bKGCdTIKFu39SgXBNhWDjex/8cXUx9MUTMCrTw==",
      "dependencies": {
        "@aws-sdk/core": "^3.978.0",
        "@aws-sdk/credential-provider-env": "^3.972.71",
        "@aws-sdk/credential-provider-http": "^3.972.73",
        "@aws-sdk/credential-provider-login": "^3.972.78",
        "@aws-sdk/credential-provider-process": "^3.972.71",
        "@aws-sdk/credential-provider-sso": "^3.973.15",
        "@aws-sdk/credential-provider-web-identity": "^3.972.77",
        "@aws-sdk/nested-clients": "^3.997.45",
        "@aws-sdk/types": "^3.974.5",
        "@smithy/core": "^3.33.3",
        "@smithy/credential-provider-imds": "^4.4.16",
        "@smithy/types": "^4.17.2",
        "tslib": "^2.6.2"
      },
      "engines": {
        "node": ">=20.0.0"
      }
    },
    "node_modules/@aws-sdk/credential-provider-login": {
      "version": "3.972.78",
      "resolved": "https://registry.npmjs.org/@aws-sdk/credential-provider-login/-/credential-provider-login-3.972.78.tgz",
      "integrity": "sha512-eUtswnXu0+Ii9ieRK+0L7aPFV3Z/dnW2VntJzjBP9xs8s+8p5nBNuymIXtXwZ+5r5+XJP3e32nMkuZ/r0HozEA==",
      "dependencies": {
        "@aws-sdk/core": "^3.978.0",
        "@aws-sdk/nested-clients": "^3.997.45",
        "@aws-sdk/types": "^3.974.5",
        "@smithy/core": "^3.33.3",
        "@smithy/types": "^4.17.2",
        "tslib": "^2.6.2"
      },
      "engines": {
        "node": ">=20.0.0"
      }
    },
    "node_modules/@aws-sdk/credential-provider-node": {
      "version": "3.972.83",
      "resolved": "https://registry.npmjs.org/@aws-sdk/credential-provider-node/-/credential-provider-node-3.972.83.tgz",
      "integrity": "sha512-jdso7ejzfRnatxMUZK4S/U6KbaDPCvfIV4XL+IQAPFDBt5rj5Fq595euqlK8Le4lNCMFR9oUpt+1l0aMgaayOQ==",
      "dependencies": {
        "@aws-sdk/credential-provider-env": "^3.972.71",
        "@aws-sdk/credential-provider-http": "^3.972.73",
        "@aws-sdk/credential-provider-ini": "^3.973.16",
        "@aws-sdk/credential-provider-process": "^3.972.71",
        "@aws-sdk/credential-provider-sso": "^3.973.15",
        "@aws-sdk/credential-provider-web-identity": "^3.972.77",
        "@aws-sdk/types": "^3.974.5",
        "@smithy/core": "^3.33.3",
        "@smithy/credential-provider-imds": "^4.4.16",
        "@smithy/types": "^4.17.2",
        "tslib": "^2.6.2"
      },
      "engines": {
        "node": ">=20.0.0"
      }
    },
    "node_modules/@aws-sdk/credential-provider-process": {
      "version": "3.972.71",
      "resolved": "https://registry.npmjs.org/@aws-sdk/credential-provider-process/-/credential-provider-process-3.972.71.tgz",
      "integrity": "sha512-lYmXJa4gvq4xN1lrT5NiP5vIYYKcGWAdj8y+8o6dlcateB5eF3Dn8DtmjjHKfMBrTPAMr2pebIiX/UOj8c1/UA==",
      "dependencies": {
        "@aws-sdk/core": "^3.978.0",
        "@aws-sdk/types": "^3.974.5",
        "@smithy/core": "^3.33.3",
        "@smithy/types": "^4.17.2",
        "tslib": "^2.6.2"
      },
      "engines": {
        "node": ">=20.0.0"
      }
    },
    "node_modules/@aws-sdk/credential-provider-sso": {
      "version": "3.973.15",
      "resolved": "https://registry.npmjs.org/@aws-sdk/credential-provider-sso/-/credential-provider-sso-3.973.15.tgz",
      "integrity": "sha512-6Jhcf4v0pSFdjk1EW2kvzuEBKD+UZ2uNcHUIglKKLndD20YhvkL2kdmDOV5/j4mYuWWwe/a1FQ1aomU86/Cg5Q==",
      "dependencies": {
        "@aws-sdk/core": "^3.978.0",
        "@aws-sdk/nested-clients": "^3.997.45",
        "@aws-sdk/token-providers": "3.1129.0",
        "@aws-sdk/types": "^3.974.5",
        "@smithy/core": "^3.33.3",
        "@smithy/types": "^4.17.2",
        "tslib": "^2.6.2"
      },
      "engines": {
        "node": ">=20.0.0"
      }
    },
    "node_modules/@aws-sdk/credential-provider-sso/node_modules/@aws-sdk/token-providers": {
      "version": "3.1129.0",
      "resolved": "https://registry.npmjs.org/@aws-sdk/token-providers/-/token-providers-3.1129.0.tgz",
      "integrity": "sha512-Sbl3rpzQdsG4ZK2zh0JWUYyZPKKorJlVOddA2T0DVbKJFrsW8J6wgnslxxUH04+WaBMr4A1HzJZvZX0xUvkniA==",
      "dependencies": {
        "@aws-sdk/core": "^3.978.0",
        "@aws-sdk/nested-clients": "^3.997.45",
        "@aws-sdk/types": "^3.974.5",
        "@smithy/core": "^3.33.3",
        "@smithy/types": "^4.17.2",
        "tslib": "^2.6.2"
      },
      "engines": {
        "node": ">=20.0.0"
      }
    },
    "node_modules/@aws-sdk/credential-provider-web-identity": {
      "version": "3.972.77",
      "resolved": "https://registry.npmjs.org/@aws-sdk/credential-provider-web-identity/-/credential-provider-web-identity-3.972.77.tgz",
      "integrity": "sha512-uylIQSUWpfLuH2LovxEEfwzJGM/SabLOfLMg6YXu/E8jJEKUdpdILCVCQCdFvHyu/7dLJOHPMfrSwduxO56NkQ==",
      "dependencies": {
        "@aws-sdk/core": "^3.978.0",
        "@aws-sdk/nested-clients": "^3.997.45",
        "@aws-sdk/types": "^3.974.5",
        "@smithy/core": "^3.33.3",
        "@smithy/types": "^4.17.2",
        "tslib": "^2.6.2"
      },
      "engines": {
        "node": ">=20.0.0"
      }
    },
    "node_modules/@aws-sdk/eventstream-handler-node": {
      "version": "3.972.34",
      "resolved": "https://registry.npmjs.org/@aws-sdk/eventstream-handler-node/-/eventstream-handler-node-3.972.34.tgz",
      "integrity": "sha512-cTeVzpu1xEAkryTZBYhGwnQ6gOGyp8ZYZvmn0Sg/nI/ABmy/CRHHxPDJDUi9PxwxUtGGaatvfRUB3FCgT/rSWw==",
      "dependencies": {
        "@aws-sdk/types": "^3.974.5",
        "@smithy/core": "^3.33.3",
        "@smithy/types": "^4.17.2",
        "tslib": "^2.6.2"
      },
      "engines": {
        "node": ">=20.0.0"
      }
    },
    "node_modules/@aws-sdk/middleware-eventstream": {
      "version": "3.972.29",
      "resolved": "https://registry.npmjs.org/@aws-sdk/middleware-eventstream/-/middleware-eventstream-3.972.29.tgz",
      "integrity": "sha512-dlRzHCgyB8W6hLuDC5pcT5q+ziPt00n4QGgGBE17ucLVU4zMa6lsbuUdQ2Pm75Z5VA8GF+R/+SgrRcaTdIzSIQ==",
      "dependencies": {
        "@aws-sdk/types": "^3.974.5",
        "@smithy/core": "^3.33.3",
        "@smithy/types": "^4.17.2",
        "tslib": "^2.6.2"
      },
      "engines": {
        "node": ">=20.0.0"
      }
    },
    "node_modules/@aws-sdk/middleware-websocket": {
      "version": "3.972.53",
      "resolved": "https://registry.npmjs.org/@aws-sdk/middleware-websocket/-/middleware-websocket-3.972.53.tgz",
      "integrity": "sha512-bIrDaMENQmYRBHntOiOheqkiw5+fhKW4Lqb+mS1uqF0VwvdWI22fW2HFgWrng66CmYd+4k8ePlpj38sEfTuMLQ==",
      "dependencies": {
        "@aws-sdk/core": "^3.978.0",
        "@aws-sdk/types": "^3.974.5",
        "@smithy/core": "^3.33.3",
        "@smithy/fetch-http-handler": "^5.7.2",
        "@smithy/signature-v4": "^5.6.12",
        "@smithy/types": "^4.17.2",
        "tslib": "^2.6.2"
      },
      "engines": {
        "node": ">= 14.0.0"
      }
    },
    "node_modules/@aws-sdk/nested-clients": {
      "version": "3.997.45",
      "resolved": "https://registry.npmjs.org/@aws-sdk/nested-clients/-/nested-clients-3.997.45.tgz",
      "integrity": "sha512-mooq9Q+jLa18VoM7HouczmslZU60iiB0aKc/Ztnq/luIL1ud0z4DnYprLR/ZO1gp331S9tJctM1HZr7u6YKBXQ==",
      "dependencies": {
        "@aws-sdk/core": "^3.978.0",
        "@aws-sdk/signature-v4-multi-region": "^3.996.46",
        "@aws-sdk/types": "^3.974.5",
        "@smithy/core": "^3.33.3",
        "@smithy/fetch-http-handler": "^5.7.2",
        "@smithy/node-http-handler": "^4.11.3",
        "@smithy/types": "^4.17.2",
        "tslib": "^2.6.2"
      },
      "engines": {
        "node": ">=20.0.0"
      }
    },
    "node_modules/@aws-sdk/signature-v4-multi-region": {
      "version": "3.996.46",
      "resolved": "https://registry.npmjs.org/@aws-sdk/signature-v4-multi-region/-/signature-v4-multi-region-3.996.46.tgz",
      "integrity": "sha512-L+2xZTye/2T96f3lwCws0Zw6GG2JHZW9e8FpVgGBeeExSKyeoZ6CWRpBml/7DNiK/O26jrgPM9F+Ay8VkgzUWQ==",
      "dependencies": {
        "@aws-sdk/types": "^3.974.5",
        "@smithy/signature-v4": "^5.6.12",
        "@smithy/types": "^4.17.2",
        "tslib": "^2.6.2"
      },
      "engines": {
        "node": ">=20.0.0"
      }
    },
    "node_modules/@aws-sdk/token-providers": {
      "version": "3.1136.0",
      "resolved": "https://registry.npmjs.org/@aws-sdk/token-providers/-/token-providers-3.1136.0.tgz",
      "integrity": "sha512-CHjdpFszuNTUEQ2z1F85pOiHxpLe0fDyvTUoNAZ7YczdTMEfU6TSA7FVZelAM67L/g6xcS31U64HuBl42dSKCA==",
      "dependencies": {
        "@aws-sdk/core": "^3.978.0",
        "@aws-sdk/nested-clients": "^3.997.45",
        "@aws-sdk/types": "^3.974.5",
        "@smithy/core": "^3.33.3",
        "@smithy/types": "^4.17.2",
        "tslib": "^2.6.2"
      },
      "engines": {
        "node": ">=20.0.0"
      }
    },
    "node_modules/@aws-sdk/types": {
      "version": "3.974.5",
      "resolved": "https://registry.npmjs.org/@aws-sdk/types/-/types-3.974.5.tgz",
      "integrity": "sha512-LkwLL2BLbC6wNNm4JaH9mbEqBMdOZCct6VAYqhdN4U1xrWM+fUJQEfbHwQgDypapOWTRtlk25akb5afM0P8CIQ==",
      "dependencies": {
        "@smithy/types": "^4.17.2",
        "tslib": "^2.6.2"
      },
      "engines": {
        "node": ">=20.0.0"
      }
    },
    "node_modules/@aws-sdk/xml-builder": {
      "version": "3.972.40",
      "resolved": "https://registry.npmjs.org/@aws-sdk/xml-builder/-/xml-builder-3.972.40.tgz",
      "integrity": "sha512-wlFmCIGUlwF4zx/kncw+bmxTQh1HeSJq4mYV/V5cZUSJadDP3kXvGW8Rn21cimj/7y9ju+47oYWXi97vF7czaA==",
      "dependencies": {
        "@smithy/types": "^4.17.2",
        "tslib": "^2.6.2"
      },
      "engines": {
        "node": ">=20.0.0"
      }
    },
    "node_modules/@aws/lambda-invoke-store": {
      "version": "0.3.0",
      "resolved": "https://registry.npmjs.org/@aws/lambda-invoke-store/-/lambda-invoke-store-0.3.0.tgz",
      "integrity": "sha512-sl4Bm6yiMNYrZKkqqDFWN0UfnWhlS8ivKxrYl+6t0gCLrqr8y3B2IqZZbFRkfaVVp7C/baApyh71P+LeE1A2sQ==",
      "engines": {
        "node": ">=18.0.0"
      }
    },
    "node_modules/@react-three/drei": {
      "resolved": "../../node_modules/.pnpm/@react-three+drei@10.7.8_@react-three+fiber@9.7.0_@types+react@19.3.0_react-dom@19.2.8__49cbc1276f801ab6add78fff6945ec6e/node_modules/@react-three/drei",
      "link": true
    },
    "node_modules/@react-three/fiber": {
      "resolved": "../../node_modules/.pnpm/@react-three+fiber@9.7.0_@types+react@19.3.0_react-dom@19.2.8_react@19.2.8__react@19.2.8_three@0.186.0/node_modules/@react-three/fiber",
      "link": true
    },
    "node_modules/@react-three/postprocessing": {
      "resolved": "../../node_modules/.pnpm/@react-three+postprocessing@3.1.1_@react-three+fiber@9.7.0_@types+react@19.3.0_react-do_66142e54e87a0db1e28c6fba831afddf/node_modules/@react-three/postprocessing",
      "link": true
    },
    "node_modules/@smithy/core": {
      "version": "3.34.1",
      "resolved": "https://registry.npmjs.org/@smithy/core/-/core-3.34.1.tgz",
      "integrity": "sha512-dLcOUxz8YCv1RZUMKq6GbyUf95pLbrqh34bPvpCZ1+CByFF31BEAFewZjsGCnVsZTKdThNENfGyAgk2TJqVwSw==",
      "dependencies": {
        "@smithy/types": "^4.18.0",
        "tslib": "^2.6.2"
      },
      "engines": {
        "node": ">=18.0.0"
      }
    },
    "node_modules/@smithy/credential-provider-imds": {
      "version": "4.5.2",
      "resolved": "https://registry.npmjs.org/@smithy/credential-provider-imds/-/credential-provider-imds-4.5.2.tgz",
      "integrity": "sha512-A9uSdn72ozbRUSit0eib0TW7nXuNPlaeM0zcGkJ+nE6tFcSDbnmtwoxbTCFBukVQcszDAyvsd7+rTduPTXpygg==",
      "dependencies": {
        "@smithy/core": "^3.33.2",
        "@smithy/types": "^4.17.2",
        "tslib": "^2.6.2"
      },
      "engines": {
        "node": ">=18.0.0"
      }
    },
    "node_modules/@smithy/fetch-http-handler": {
      "version": "5.8.0",
      "resolved": "https://registry.npmjs.org/@smithy/fetch-http-handler/-/fetch-http-handler-5.8.0.tgz",
      "integrity": "sha512-ycSJu3tFAQ4v04CBB0agqFMVsSQ1iG3yw+SpgxRqKfaURpQD4CZ8Wn0zPMmSnOuTpTh65Vz+EA0rMrw089wvkA==",
      "dependencies": {
        "@smithy/core": "^3.33.3",
        "@smithy/types": "^4.18.0",
        "tslib": "^2.6.2"
      },
      "engines": {
        "node": ">=18.0.0"
      }
    },
    "node_modules/@smithy/node-http-handler": {
      "version": "4.12.1",
      "resolved": "https://registry.npmjs.org/@smithy/node-http-handler/-/node-http-handler-4.12.1.tgz",
      "integrity": "sha512-ThMkboGeONWXAelq9FvGsuJC4rOi+qyC4/zhUF58xYpxUg5sQKx2VXZYJmtNjr4dSuBJ1HeJXETQILCz3wOHvw==",
      "dependencies": {
        "@smithy/core": "^3.33.3",
        "@smithy/types": "^4.18.0",
        "tslib": "^2.6.2"
      },
      "engines": {
        "node": ">=18.0.0"
      }
    },
    "node_modules/@smithy/signature-v4": {
      "version": "5.7.3",
      "resolved": "https://registry.npmjs.org/@smithy/signature-v4/-/signature-v4-5.7.3.tgz",
      "integrity": "sha512-7ImGm+FkHRLcBaRttIAMZ6bzJZWb2cJGoYjq46F2UjycujWzrL9GEN9h4w7eQyXJYnltrUhxbbieBAIRrdqpow==",
      "dependencies": {
        "@smithy/core": "^3.33.3",
        "@smithy/types": "^4.17.2",
        "tslib": "^2.6.2"
      },
      "engines": {
        "node": ">=18.0.0"
      }
    },
    "node_modules/@smithy/types": {
      "version": "4.18.0",
      "resolved": "https://registry.npmjs.org/@smithy/types/-/types-4.18.0.tgz",
      "integrity": "sha512-CgB6HHWer/vrKps24ulRIbpcpb7K4xAU7SkZ7YHzBPlwHsvsrCJFEXK421s+cJzX+ZrqtA/TuU5w1HzI7k9N8A==",
      "dependencies": {
        "tslib": "^2.6.2"
      },
      "engines": {
        "node": ">=18.0.0"
      }
    },
    "node_modules/@tailwindcss/postcss": {
      "resolved": "../../node_modules/.pnpm/@tailwindcss+postcss@4.3.3/node_modules/@tailwindcss/postcss",
      "link": true
    },
    "node_modules/@types/bcryptjs": {
      "resolved": "../../node_modules/.pnpm/@types+bcryptjs@3.0.0/node_modules/@types/bcryptjs",
      "link": true
    },
    "node_modules/@types/node": {
      "resolved": "../../node_modules/.pnpm/@types+node@20.19.43/node_modules/@types/node",
      "link": true
    },
    "node_modules/@types/react": {
      "resolved": "../../node_modules/.pnpm/@types+react@19.3.0/node_modules/@types/react",
      "link": true
    },
    "node_modules/@types/react-dom": {
      "resolved": "../../node_modules/.pnpm/@types+react-dom@19.3.0_@types+react@19.3.0/node_modules/@types/react-dom",
      "link": true
    },
    "node_modules/@types/three": {
      "resolved": "../../node_modules/.pnpm/@types+three@0.185.4/node_modules/@types/three",
      "link": true
    },
    "node_modules/bcryptjs": {
      "resolved": "../../node_modules/.pnpm/bcryptjs@3.0.3/node_modules/bcryptjs",
      "link": true
    },
    "node_modules/bowser": {
      "version": "2.14.1",
      "resolved": "https://registry.npmjs.org/bowser/-/bowser-2.14.1.tgz",
      "integrity": "sha512-tzPjzCxygAKWFOJP011oxFHs57HzIhOEracIgAePE4pqB3LikALKnSzUyU4MGs9/iCEUuHlAJTjTc5M+u7YEGg=="
    },
    "node_modules/eslint": {
      "resolved": "../../node_modules/.pnpm/eslint@9.39.5_jiti@2.7.0/node_modules/eslint",
      "link": true
    },
    "node_modules/eslint-config-next": {
      "resolved": "../../node_modules/.pnpm/eslint-config-next@16.3.5_@typescript-eslint+parser@8.70.0_eslint@9.39.5_jiti@2.7.0__ty_beb64d2f40dfe86ec313eb47cd3bf190/node_modules/eslint-config-next",
      "link": true
    },
    "node_modules/firebase": {
      "resolved": "../../node_modules/.pnpm/firebase@12.19.0/node_modules/firebase",
      "link": true
    },
    "node_modules/gsap": {
      "resolved": "../../node_modules/.pnpm/gsap@3.15.0/node_modules/gsap",
      "link": true
    },
    "node_modules/next": {
      "resolved": "../../node_modules/.pnpm/next@16.3.5_@babel+core@7.29.7_@types+node@20.19.43_react-dom@19.2.8_react@19.2.8__react@19.2.8/node_modules/next",
      "link": true
    },
    "node_modules/next-auth": {
      "resolved": "../../node_modules/.pnpm/next-auth@5.0.0-beta.32_next@16.3.5_@babel+core@7.29.7_@types+node@20.19.43_react-dom@1_422b54b45fff53129275ea77873a8cfc/node_modules/next-auth",
      "link": true
    },
    "node_modules/postprocessing": {
      "resolved": "../../node_modules/.pnpm/postprocessing@6.39.5_three@0.186.0/node_modules/postprocessing",
      "link": true
    },
    "node_modules/react": {
      "resolved": "../../node_modules/.pnpm/react@19.2.8/node_modules/react",
      "link": true
    },
    "node_modules/react-dom": {
      "resolved": "../../node_modules/.pnpm/react-dom@19.2.8_react@19.2.8/node_modules/react-dom",
      "link": true
    },
    "node_modules/tailwindcss": {
      "resolved": "../../node_modules/.pnpm/tailwindcss@4.3.3/node_modules/tailwindcss",
      "link": true
    },
    "node_modules/three": {
      "resolved": "../../node_modules/.pnpm/three@0.186.0/node_modules/three",
      "link": true
    },
    "node_modules/tslib": {
      "version": "2.8.1",
      "resolved": "https://registry.npmjs.org/tslib/-/tslib-2.8.1.tgz",
      "integrity": "sha512-oJFu94HQb+KVduSUQL7wnpmqnfmLsOA/nAh6b6EH0wCEoK0/mPeXU6c3wKDV83MkOuHPRHtSXKKU99IBazS/2w=="
    },
    "node_modules/typescript": {
      "resolved": "../../node_modules/.pnpm/typescript@5.9.3/node_modules/typescript",
      "link": true
    }
  }
}
